// !$*UTF8*$!
{
	archiveVersion = 1;
	classes = {
	};
	objectVersion = 46;
	objects = {

/* Begin PBXBuildFile section */
		8DFE63EF1B22A54400D3D7AA /* main.m in Sources */ = {isa = PBXBuildFile; fileRef = 8DFE63EE1B22A54400D3D7AA /* main.m */; };
		8DFE63F21B22A54400D3D7AA /* AppDelegate.m in Sources */ = {isa = PBXBuildFile; fileRef = 8DFE63F11B22A54400D3D7AA /* AppDelegate.m */; };
		8DFE63F51B22A54400D3D7AA /* ViewController.m in Sources */ = {isa = PBXBuildFile; fileRef = 8DFE63F41B22A54400D3D7AA /* ViewController.m */; };
		8DFE63F81B22A54400D3D7AA /* Main.storyboard in Resources */ = {isa = PBXBuildFile; fileRef = 8DFE63F61B22A54400D3D7AA /* Main.storyboard */; };
		8DFE63FA1B22A54400D3D7AA /* Images.xcassets in Resources */ = {isa = PBXBuildFile; fileRef = 8DFE63F91B22A54400D3D7AA /* Images.xcassets */; };
		8DFE63FD1B22A54400D3D7AA /* LaunchScreen.xib in Resources */ = {isa = PBXBuildFile; fileRef = 8DFE63FB1B22A54400D3D7AA /* LaunchScreen.xib */; };
		8DFE64091B22A54400D3D7AA /* IfElseTests.m in Sources */ = {isa = PBXBuildFile; fileRef = 8DFE64081B22A54400D3D7AA /* IfElseTests.m */; };
/* End PBXBuildFile section */

/* Begin PBXContainerItemProxy section */
		8DFE64031B22A54400D3D7AA /* PBXContainerItemProxy */ = {
			isa = PBXContainerItemProxy;
			containerPortal = 8DFE63E11B22A54400D3D7AA /* Project object */;
			proxyType = 1;
			remoteGlobalIDString = 8DFE63E81B22A54400D3D7AA;
			remoteInfo = IfElse;
		};
/* End PBXContainerItemProxy section */

/* Begin PBXFileReference section */
		8DFE63E91B22A54400D3D7AA /* IfElse.app */ = {isa = PBXFileReference; explicitFileType = wrapper.application; includeInIndex = 0; path = IfElse.app; sourceTree = BUILT_PRODUCTS_DIR; };
		8DFE63ED1B22A54400D3D7AA /* Info.plist */ = {isa = PBXFileReference; lastKnownFileType = text.plist.xml; path = Info.plist; sourceTree = "<group>"; };
		8DFE63EE1B22A54400D3D7AA /* main.m */ = {isa = PBXFileReference; lastKnownFileType = sourcecode.c.objc; path = main.m; sourceTree = "<group>"; };
		8DFE63F01B22A54400D3D7AA /* AppDelegate.h */ = {isa = PBXFileReference; lastKnownFileType = sourcecode.c.h; path = AppDelegate.h; sourceTree = "<group>"; };
		8DFE63F11B22A54400D3D7AA /* AppDelegate.m */ = {isa = PBXFileReference; lastKnownFileType = sourcecode.c.objc; path = AppDelegate.m; sourceTree = "<group>"; };
		8DFE63F31B22A54400D3D7AA /* ViewController.h */ = {isa = PBXFileReference; lastKnownFileType = sourcecode.c.h; path = ViewController.h; sourceTree = "<group>"; };
		8DFE63F41B22A54400D3D7AA /* ViewController.m */ = {isa = PBXFileReference; lastKnownFileType = sourcecode.c.objc; path = ViewController.m; sourceTree = "<group>"; };
		8DFE63F71B22A54400D3D7AA /* Base */ = {isa = PBXFileReference; lastKnownFileType = file.storyboard; name = Base; path = Base.lproj/Main.storyboard; sourceTree = "<group>"; };
		8DFE63F91B22A54400D3D7AA /* Images.xcassets */ = {isa = PBXFileReference; lastKnownFileType = folder.assetcatalog; path = Images.xcassets; sourceTree = "<group>"; };
		8DFE63FC1B22A54400D3D7AA /* Base */ = {isa = PBXFileReference; lastKnownFileType = file.xib; name = Base; path = Base.lproj/LaunchScreen.xib; sourceTree = "<group>"; };
		8DFE64021B22A54400D3D7AA /* IfElseTests.xctest */ = {isa = PBXFileReference; explicitFileType = wrapper.cfbundle; includeInIndex = 0; path = IfElseTests.xctest; sourceTree = BUILT_PRODUCTS_DIR; };
		8DFE64071B22A54400D3D7AA /* Info.plist */ = {isa = PBXFileReference; lastKnownFileType = text.plist.xml; path = Info.plist; sourceTree = "<group>"; };
		8DFE64081B22A54400D3D7AA /* IfElseTests.m */ = {isa = PBXFileReference; lastKnownFileType = sourcecode.c.objc; path = IfElseTests.m; sourceTree = "<group>"; };
/* End PBXFileReference section */

/* Begin PBXFrameworksBuildPhase section */
		8DFE63E61B22A54400D3D7AA /* Frameworks */ = {
			isa = PBXFrameworksBuildPhase;
			buildActionMask = 2147483647;
			files = (
			);
			runOnlyForDeploymentPostprocessing = 0;
		};
		8DFE63FF1B22A54400D3D7AA /* Frameworks */ = {
			isa = PBXFrameworksBuildPhase;
			buildActionMask = 2147483647;
			files = (
			);
			runOnlyForDeploymentPostprocessing = 0;
		};
/* End PBXFrameworksBuildPhase section */

/* Begin PBXGroup section */
		8DFE63E01B22A54400D3D7AA = {
			isa = PBXGroup;
			children = (
				8DFE63EB1B22A54400D3D7AA /* IfElse */,
				8DFE64051B22A54400D3D7AA /* IfElseTests */,
				8DFE63EA1B22A54400D3D7AA /* Products */,
			);
			sourceTree = "<group>";
		};
		8DFE63EA1B22A54400D3D7AA /* Products */ = {
			isa = PBXGroup;
			children = (
				8DFE63E91B22A54400D3D7AA /* IfElse.app */,
				8DFE64021B22A54400D3D7AA /* IfElseTests.xctest */,
			);
			name = Products;
			sourceTree = "<group>";
		};
		8DFE63EB1B22A54400D3D7AA /* IfElse */ = {
			isa = PBXGroup;
			children = (
				8DFE63F01B22A54400D3D7AA /* AppDelegate.h */,
				8DFE63F11B22A54400D3D7AA /* AppDelegate.m */,
				8DFE63F31B22A54400D3D7AA /* ViewController.h */,
				8DFE63F41B22A54400D3D7AA /* ViewController.m */,
				8DFE63F61B22A54400D3D7AA /* Main.storyboard */,
				8DFE63F91B22A54400D3D7AA /* Images.xcassets */,
				8DFE63FB1B22A54400D3D7AA /* LaunchScreen.xib */,
				8DFE63EC1B22A54400D3D7AA /* Supporting Files */,
			);
			path = IfElse;
			sourceTree = "<group>";
		};
		8DFE63EC1B22A54400D3D7AA /* Supporting Files */ = {
			isa = PBXGroup;
			children = (
				8DFE63ED1B22A54400D3D7AA /* Info.plist */,
				8DFE63EE1B22A54400D3D7AA /* main.m */,
			);
			name = "Supporting Files";
			sourceTree = "<group>";
		};
		8DFE64051B22A54400D3D7AA /* IfElseTests */ = {
			isa = PBXGroup;
			children = (
				8DFE64081B22A54400D3D7AA /* IfElseTests.m */,
				8DFE64061B22A54400D3D7AA /* Supporting Files */,
			);
			path = IfElseTests;
			sourceTree = "<group>";
		};
		8DFE64061B22A54400D3D7AA /* Supporting Files */ = {
			isa = PBXGroup;
			children = (
				8DFE64071B22A54400D3D7AA /* Info.plist */,
			);
			name = "Supporting Files";
			sourceTree = "<group>";
		};
/* End PBXGroup section */

/* Begin PBXNativeTarget section */
		8DFE63E81B22A54400D3D7AA /* IfElse */ = {
			isa = PBXNativeTarget;
			buildConfigurationList = 8DFE640C1B22A54400D3D7AA /* Build configuration list for PBXNativeTarget "IfElse" */;
			buildPhases = (
				8DFE63E51B22A54400D3D7AA /* Sources */,
				8DFE63E61B22A54400D3D7AA /* Frameworks */,
				8DFE63E71B22A54400D3D7AA /* Resources */,
			);
			buildRules = (
			);
			dependencies = (
			);
			name = IfElse;
			productName = IfElse;
			productReference = 8DFE63E91B22A54400D3D7AA /* IfElse.app */;
			productType = "com.apple.product-type.application";
		};
		8DFE64011B22A54400D3D7AA /* IfElseTests */ = {
			isa = PBXNativeTarget;
			buildConfigurationList = 8DFE640F1B22A54400D3D7AA /* Build configuration list for PBXNativeTarget "IfElseTests" */;
			buildPhases = (
				8DFE63FE1B22A54400D3D7AA /* Sources */,
				8DFE63FF1B22A54400D3D7AA /* Frameworks */,
				8DFE64001B22A54400D3D7AA /* Resources */,
			);
			buildRules = (
			);
			dependencies = (
				8DFE64041B22A54400D3D7AA /* PBXTargetDependency */,
			);
			name = IfElseTests;
			productName = IfElseTests;
			productReference = 8DFE64021B22A54400D3D7AA /* IfElseTests.xctest */;
			productType = "com.apple.product-type.bundle.unit-test";
		};
/* End PBXNativeTarget section */

/* Begin PBXProject section */
		8DFE63E11B22A54400D3D7AA /* Project object */ = {
			isa = PBXProject;
			attributes = {
				LastUpgradeCheck = 0630;
				ORGANIZATIONNAME = "Mike Kavouras";
				TargetAttributes = {
					8DFE63E81B22A54400D3D7AA = {
						CreatedOnToolsVersion = 6.3.2;
					};
					8DFE64011B22A54400D3D7AA = {
						CreatedOnToolsVersion = 6.3.2;
						TestTargetID = 8DFE63E81B22A54400D3D7AA;
					};
				};
			};
			buildConfigurationList = 8DFE63E41B22A54400D3D7AA /* Build configuration list for PBXProject "IfElse" */;
			compatibilityVersion = "Xcode 3.2";
			developmentRegion = English;
			hasScannedForEncodings = 0;
			knownRegions = (
				en,
				Base,
			);
			mainGroup = 8DFE63E01B22A54400D3D7AA;
			productRefGroup = 8DFE63EA1B22A54400D3D7AA /* Products */;
			projectDirPath = "";
			projectRoot = "";
			targets = (
				8DFE63E81B22A54400D3D7AA /* IfElse */,
				8DFE64011B22A54400D3D7AA /* IfElseTests */,
			);
		};
/* End PBXProject section */

/* Begin PBXResourcesBuildPhase section */
		8DFE63E71B22A54400D3D7AA /* Resources */ = {
			isa = PBXResourcesBuildPhase;
			buildActionMask = 2147483647;
			files = (
				8DFE63F81B22A54400D3D7AA /* Main.storyboard in Resources */,
				8DFE63FD1B22A54400D3D7AA /* LaunchScreen.xib in Resources */,
				8DFE63FA1B22A54400D3D7AA /* Images.xcassets in Resources */,
			);
			runOnlyForDeploymentPostprocessing = 0;
		};
		8DFE64001B22A54400D3D7AA /* Resources */ = {
			isa = PBXResourcesBuildPhase;
			buildActionMask = 2147483647;
			files = (
			);
			runOnlyForDeploymentPostprocessing = 0;
		};
/* End PBXResourcesBuildPhase section */

/* Begin PBXSourcesBuildPhase section */
		8DFE63E51B22A54400D3D7AA /* Sources */ = {
			isa = PBXSourcesBuildPhase;
			buildActionMask = 2147483647;
			files = (
				8DFE63F51B22A54400D3D7AA /* ViewController.m in Sources */,
				8DFE63F21B22A54400D3D7AA /* AppDelegate.m in Sources */,
				8DFE63EF1B22A54400D3D7AA /* main.m in Sources */,
			);
			runOnlyForDeploymentPostprocessing = 0;
		};
		8DFE63FE1B22A54400D3D7AA /* Sources */ = {
			isa = PBXSourcesBuildPhase;
			buildActionMask = 2147483647;
			files = (
				8DFE64091B22A54400D3D7AA /* IfElseTests.m in Sources */,
			);
			runOnlyForDeploymentPostprocessing = 0;
		};
/* End PBXSourcesBuildPhase section */

/* Begin PBXTargetDependency section */
		8DFE64041B22A54400D3D7AA /* PBXTargetDependency */ = {
			isa = PBXTargetDependency;
			target = 8DFE63E81B22A54400D3D7AA /* IfElse */;
			targetProxy = 8DFE64031B22A54400D3D7AA /* PBXContainerItemProxy */;
		};
/* End PBXTargetDependency section */

/* Begin PBXVariantGroup section */
		8DFE63F61B22A54400D3D7AA /* Main.storyboard */ = {
			isa = PBXVariantGroup;
			children = (
				8DFE63F71B22A54400D3D7AA /* Base */,
			);
			name = Main.storyboard;
			sourceTree = "<group>";
		};
		8DFE63FB1B22A54400D3D7AA /* LaunchScreen.xib */ = {
			isa = PBXVariantGroup;
			children = (
				8DFE63FC1B22A54400D3D7AA /* Base */,
			);
			name = LaunchScreen.xib;
			sourceTree = "<group>";
		};
/* End PBXVariantGroup section */

/* Begin XCBuildConfiguration section */
		8DFE640A1B22A54400D3D7AA /* Debug */ = {
			isa = XCBuildConfiguration;
			buildSettings = {
				ALWAYS_SEARCH_USER_PATHS = NO;
				CLANG_CXX_LANGUAGE_STANDARD = "gnu++0x";
				CLANG_CXX_LIBRARY = "libc++";
				CLANG_ENABLE_MODULES = YES;
				CLANG_ENABLE_OBJC_ARC = YES;
				CLANG_WARN_BOOL_CONVERSION = YES;
				CLANG_WARN_CONSTANT_CONVERSION = YES;
				CLANG_WARN_DIRECT_OBJC_ISA_USAGE = YES_ERROR;
				CLANG_WARN_EMPTY_BODY = YES;
				CLANG_WARN_ENUM_CONVERSION = YES;
				CLANG_WARN_INT_CONVERSION = YES;
				CLANG_WARN_OBJC_ROOT_CLASS = YES_ERROR;
				CLANG_WARN_UNREACHABLE_CODE = YES;
				CLANG_WARN__DUPLICATE_METHOD_MATCH = YES;
				"CODE_SIGN_IDENTITY[sdk=iphoneos*]" = "iPhone Developer";
				COPY_PHASE_STRIP = NO;
				DEBUG_INFORMATION_FORMAT = "dwarf-with-dsym";
				ENABLE_STRICT_OBJC_MSGSEND = YES;
				GCC_C_LANGUAGE_STANDARD = gnu99;
				GCC_DYNAMIC_NO_PIC = NO;
				GCC_NO_COMMON_BLOCKS = YES;
				GCC_OPTIMIZATION_LEVEL = 0;
				GCC_PREPROCESSOR_DEFINITIONS = (
					"DEBUG=1",
					"$(inherited)",
				);
				GCC_SYMBOLS_PRIVATE_EXTERN = NO;
				GCC_WARN_64_TO_32_BIT_CONVERSION = YES;
				GCC_WARN_ABOUT_RETURN_TYPE = YES_ERROR;
				GCC_WARN_UNDECLARED_SELECTOR = YES;
				GCC_WARN_UNINITIALIZED_AUTOS = YES_AGGRESSIVE;
				GCC_WARN_UNUSED_FUNCTION = YES;
				GCC_WARN_UNUSED_VARIABLE = YES;
				IPHONEOS_DEPLOYMENT_TARGET = 8.3;
				MTL_ENABLE_DEBUG_INFO = YES;
				ONLY_ACTIVE_ARCH = YES;
				SDKROOT = iphoneos;
			};
			name = Debug;
		};
		8DFE640B1B22A54400D3D7AA /* Release */ = {
			isa = XCBuildConfiguration;
			buildSettings = {
				ALWAYS_SEARCH_USER_PATHS = NO;
				CLANG_CXX_LANGUAGE_STANDARD = "gnu++0x";
				CLANG_CXX_LIBRARY = "libc++";
				CLANG_ENABLE_MODULES = YES;
				CLANG_ENABLE_OBJC_ARC = YES;
				CLANG_WARN_BOOL_CONVERSION = YES;
				CLANG_WARN_CONSTANT_CONVERSION = YES;
				CLANG_WARN_DIRECT_OBJC_ISA_USAGE = YES_ERROR;
				CLANG_WARN_EMPTY_BODY = YES;
				CLANG_WARN_ENUM_CONVERSION = YES;
				CLANG_WARN_INT_CONVERSION = YES;
				CLANG_WARN_OBJC_ROOT_CLASS = YES_ERROR;
				CLANG_WARN_UNREACHABLE_CODE = YES;
				CLANG_WARN__DUPLICATE_METHOD_MATCH = YES;
				"CODE_SIGN_IDENTITY[sdk=iphoneos*]" = "iPhone Developer";
				COPY_PHASE_STRIP = NO;
				DEBUG_INFORMATION_FORMAT = "dwarf-with-dsym";
				ENABLE_NS_ASSERTIONS = NO;
				ENABLE_STRICT_OBJC_MSGSEND = YES;
				GCC_C_LANGUAGE_STANDARD = gnu99;
				GCC_NO_COMMON_BLOCKS = YES;
				GCC_WARN_64_TO_32_BIT_CONVERSION = YES;
				GCC_WARN_ABOUT_RETURN_TYPE = YES_ERROR;
				GCC_WARN_UNDECLARED_SELECTOR = YES;
				GCC_WARN_UNINITIALIZED_AUTOS = YES_AGGRESSIVE;
				GCC_WARN_UNUSED_FUNCTION = YES;
				GCC_WARN_UNUSED_VARIABLE = YES;
				IPHONEOS_DEPLOYMENT_TARGET = 8.3;
				MTL_ENABLE_DEBUG_INFO = NO;
				SDKROOT = iphoneos;
				VALIDATE_PRODUCT = YES;
			};
			name = Release;
		};
		8DFE640D1B22A54400D3D7AA /* Debug */ = {
			isa = XCBuildConfiguration;
			buildSettings = {
				ASSETCATALOG_COMPILER_APPICON_NAME = AppIcon;
				INFOPLIST_FILE = IfElse/Info.plist;
				LD_RUNPATH_SEARCH_PATHS = "$(inherited) @executable_path/Frameworks";
				PRODUCT_NAME = "$(TARGET_NAME)";
			};
			name = Debug;
		};
		8DFE640E1B22A54400D3D7AA /* Release */ = {
			isa = XCBuildConfiguration;
			buildSettings = {
				ASSETCATALOG_COMPILER_APPICON_NAME = AppIcon;
				INFOPLIST_FILE = IfElse/Info.plist;
				LD_RUNPATH_SEARCH_PATHS = "$(inherited) @executable_path/Frameworks";
				PRODUCT_NAME = "$(TARGET_NAME)";
			};
			name = Release;
		};
		8DFE64101B22A54400D3D7AA /* Debug */ = {
			isa = XCBuildConfiguration;
			buildSettings = {
				BUNDLE_LOADER = "$(TEST_HOST)";
				FRAMEWORK_SEARCH_PATHS = (
					"$(SDKROOT)/Developer/Library/Frameworks",
					"$(inherited)",
				);
				GCC_PREPROCESSOR_DEFINITIONS = (
					"DEBUG=1",
					"$(inherited)",
				);
				INFOPLIST_FILE = IfElseTests/Info.plist;
				LD_RUNPATH_SEARCH_PATHS = "$(inherited) @executable_path/Frameworks @loader_path/Frameworks";
				PRODUCT_NAME = "$(TARGET_NAME)";
				TEST_HOST = "$(BUILT_PRODUCTS_DIR)/IfElse.app/IfElse";
			};
			name = Debug;
		};
		8DFE64111B22A54400D3D7AA /* Release */ = {
			isa = XCBuildConfiguration;
			buildSettings = {
				BUNDLE_LOADER = "$(TEST_HOST)";
				FRAMEWORK_SEARCH_PATHS = (
					"$(SDKROOT)/Developer/Library/Frameworks",
					"$(inherited)",
				);
				INFOPLIST_FILE = IfElseTests/Info.plist;
				LD_RUNPATH_SEARCH_PATHS = "$(inherited) @executable_path/Frameworks @loader_path/Frameworks";
				PRODUCT_NAME = "$(TARGET_NAME)";
				TEST_HOST = "$(BUILT_PRODUCTS_DIR)/IfElse.app/IfElse";
			};
			name = Release;
		};
/* End XCBuildConfiguration section */

/* Begin XCConfigurationList section */
		8DFE63E41B22A54400D3D7AA /* Build configuration list for PBXProject "IfElse" */ = {
			isa = XCConfigurationList;
			buildConfigurations = (
				8DFE640A1B22A54400D3D7AA /* Debug */,
				8DFE640B1B22A54400D3D7AA /* Release */,
			);
			defaultConfigurationIsVisible = 0;
			defaultConfigurationName = Release;
		};
		8DFE640C1B22A54400D3D7AA /* Build configuration list for PBXNativeTarget "IfElse" */ = {
			isa = XCConfigurationList;
			buildConfigurations = (
				8DFE640D1B22A54400D3D7AA /* Debug */,
				8DFE640E1B22A54400D3D7AA /* Release */,
			);
			defaultConfigurationIsVisible = 0;
		};
		8DFE640F1B22A54400D3D7AA /* Build configuration list for PBXNativeTarget "IfElseTests" */ = {
			isa = XCConfigurationList;
			buildConfigurations = (
				8DFE64101B22A54400D3D7AA /* Debug */,
				8DFE64111B22A54400D3D7AA /* Release */,
			);
			defaultConfigurationIsVisible = 0;
		};
/* End XCConfigurationList section */
	};
	rootObject = 8DFE63E11B22A54400D3D7AA /* Project object */;
}
